
Microsoft Visual Studio Solution File, Format Version 12.00
# Visual Studio Version 17
VisualStudioVersion = 17.1.32319.34
MinimumVisualStudioVersion = 10.0.40219.1
Project("{9A19103F-16F7-4668-BE54-9A1E7A4F7556}") = "WebEstoqueTests", "WebEstoqueTests\WebEstoqueTests.csproj", "{BAB7809E-20C7-4179-880D-D1109CAE507F}"
EndProject
Project("{9A19103F-16F7-4668-BE54-9A1E7A4F7556}") = "Web_Estoque_E_Faturamento", "Web_Estoque_E_Faturamento\Web_Estoque_E_Faturamento.csproj", "{77AC7F66-538E-4061-8E78-AA1F144F6A36}"
EndProject
Global
	GlobalSection(SolutionConfigurationPlatforms) = preSolution
		Debug|Any CPU = Debug|Any CPU
		Release|Any CPU = Release|Any CPU
	EndGlobalSection
	GlobalSection(ProjectConfigurationPlatforms) = postSolution
		{BAB7809E-20C7-4179-880D-D1109CAE507F}.Debug|Any CPU.ActiveCfg = Debug|Any CPU
		{BAB7809E-20C7-4179-880D-D1109CAE507F}.Debug|Any CPU.Build.0 = Debug|Any CPU
		{BAB7809E-20C7-4179-880D-D1109CAE507F}.Release|Any CPU.ActiveCfg = Release|Any CPU
		{BAB7809E-20C7-4179-880D-D1109CAE507F}.Release|Any CPU.Build.0 = Release|Any CPU
		{77AC7F66-538E-4061-8E78-AA1F144F6A36}.Debug|Any CPU.ActiveCfg = Debug|Any CPU
		{77AC7F66-538E-4061-8E78-AA1F144F6A36}.Debug|Any CPU.Build.0 = Debug|Any CPU
		{77AC7F66-538E-4061-8E78-AA1F144F6A36}.Release|Any CPU.ActiveCfg = Release|Any CPU
		{77AC7F66-538E-4061-8E78-AA1F144F6A36}.Release|Any CPU.Build.0 = Release|Any CPU
	EndGlobalSection
	GlobalSection(SolutionProperties) = preSolution
		HideSolutionNode = FALSE
	EndGlobalSection
	GlobalSection(ExtensibilityGlobals) = postSolution
		SolutionGuid = {44584692-5389-4E63-86A9-BAE24CB20DC2}
	EndGlobalSection
EndGlobal
